
Microsoft Visual Studio Solution File, Format Version 12.00
# Visual Studio Version 16
VisualStudioVersion = 16.0.29509.3
MinimumVisualStudioVersion = 10.0.40219.1
Project("{9A19103F-16F7-4668-BE54-9A1E7A4F7556}") = "Context", "Context\Context.csproj", "{4C580441-1796-4805-BEB0-A27E18FAFFBC}"
EndProject
Project("{9A19103F-16F7-4668-BE54-9A1E7A4F7556}") = "Manager", "Manager\Manager.csproj", "{6B3C8EA5-699E-4F79-82EB-368276E71D61}"
EndProject
Global
	GlobalSection(SolutionConfigurationPlatforms) = preSolution
		Debug|Any CPU = Debug|Any CPU
		Release|Any CPU = Release|Any CPU
	EndGlobalSection
	GlobalSection(ProjectConfigurationPlatforms) = postSolution
		{4C580441-1796-4805-BEB0-A27E18FAFFBC}.Debug|Any CPU.ActiveCfg = Debug|Any CPU
		{4C580441-1796-4805-BEB0-A27E18FAFFBC}.Debug|Any CPU.Build.0 = Debug|Any CPU
		{4C580441-1796-4805-BEB0-A27E18FAFFBC}.Release|Any CPU.ActiveCfg = Release|Any CPU
		{4C580441-1796-4805-BEB0-A27E18FAFFBC}.Release|Any CPU.Build.0 = Release|Any CPU
		{6B3C8EA5-699E-4F79-82EB-368276E71D61}.Debug|Any CPU.ActiveCfg = Debug|Any CPU
		{6B3C8EA5-699E-4F79-82EB-368276E71D61}.Debug|Any CPU.Build.0 = Debug|Any CPU
		{6B3C8EA5-699E-4F79-82EB-368276E71D61}.Release|Any CPU.ActiveCfg = Release|Any CPU
		{6B3C8EA5-699E-4F79-82EB-368276E71D61}.Release|Any CPU.Build.0 = Release|Any CPU
	EndGlobalSection
	GlobalSection(SolutionProperties) = preSolution
		HideSolutionNode = FALSE
	EndGlobalSection
	GlobalSection(ExtensibilityGlobals) = postSolution
		SolutionGuid = {8881A4FE-706E-432F-9FE8-E6E2603750A9}
	EndGlobalSection
EndGlobal
